
Microsoft Visual Studio Solution File, Format Version 12.00
# Visual Studio 15
VisualStudioVersion = 15.0.28307.902
MinimumVisualStudioVersion = 10.0.40219.1
Project("{FAE04EC0-301F-11D3-BF4B-00C04F79EFBC}") = "Winform", "GenerateCode\Winform.csproj", "{3FF93157-05DC-4E5F-8541-3D5C01CDBC44}"
EndProject
Global
	GlobalSection(SolutionConfigurationPlatforms) = preSolution
		Debug|Any CPU = Debug|Any CPU
		Release|Any CPU = Release|Any CPU
	EndGlobalSection
	GlobalSection(ProjectConfigurationPlatforms) = postSolution
		{3FF93157-05DC-4E5F-8541-3D5C01CDBC44}.Debug|Any CPU.ActiveCfg = Debug|Any CPU
		{3FF93157-05DC-4E5F-8541-3D5C01CDBC44}.Debug|Any CPU.Build.0 = Debug|Any CPU
		{3FF93157-05DC-4E5F-8541-3D5C01CDBC44}.Release|Any CPU.ActiveCfg = Release|Any CPU
		{3FF93157-05DC-4E5F-8541-3D5C01CDBC44}.Release|Any CPU.Build.0 = Release|Any CPU
	EndGlobalSection
	GlobalSection(SolutionProperties) = preSolution
		HideSolutionNode = FALSE
	EndGlobalSection
	GlobalSection(ExtensibilityGlobals) = postSolution
		SolutionGuid = {0D686386-15BE-47BE-89D2-3D43EB84DDAA}
	EndGlobalSection
EndGlobal
